
Microsoft Visual Studio Solution File, Format Version 12.00
# Visual Studio 15
VisualStudioVersion = 15.0.28010.2050
MinimumVisualStudioVersion = 10.0.40219.1
Project("{8BC9CEB8-8B4A-11D0-8D11-00A0C91BC942}") = "Assignment9", "Assignment9\Assignment9.vcxproj", "{F142B0C2-24DA-428A-A7EA-4504A82DD0A6}"
EndProject
Global
	GlobalSection(SolutionConfigurationPlatforms) = preSolution
		Debug|x64 = Debug|x64
		Debug|x86 = Debug|x86
		Release|x64 = Release|x64
		Release|x86 = Release|x86
	EndGlobalSection
	GlobalSection(ProjectConfigurationPlatforms) = postSolution
		{F142B0C2-24DA-428A-A7EA-4504A82DD0A6}.Debug|x64.ActiveCfg = Debug|x64
		{F142B0C2-24DA-428A-A7EA-4504A82DD0A6}.Debug|x64.Build.0 = Debug|x64
		{F142B0C2-24DA-428A-A7EA-4504A82DD0A6}.Debug|x86.ActiveCfg = Debug|Win32
		{F142B0C2-24DA-428A-A7EA-4504A82DD0A6}.Debug|x86.Build.0 = Debug|Win32
		{F142B0C2-24DA-428A-A7EA-4504A82DD0A6}.Release|x64.ActiveCfg = Release|x64
		{F142B0C2-24DA-428A-A7EA-4504A82DD0A6}.Release|x64.Build.0 = Release|x64
		{F142B0C2-24DA-428A-A7EA-4504A82DD0A6}.Release|x86.ActiveCfg = Release|Win32
		{F142B0C2-24DA-428A-A7EA-4504A82DD0A6}.Release|x86.Build.0 = Release|Win32
	EndGlobalSection
	GlobalSection(SolutionProperties) = preSolution
		HideSolutionNode = FALSE
	EndGlobalSection
	GlobalSection(ExtensibilityGlobals) = postSolution
		SolutionGuid = {7F32DE4B-CD6F-4ACF-A9A4-7B804F78C839}
	EndGlobalSection
EndGlobal
